
Microsoft Visual Studio Solution File, Format Version 12.00
# Visual Studio Version 16
VisualStudioVersion = 16.0.33529.622
MinimumVisualStudioVersion = 10.0.40219.1
Project("{FAE04EC0-301F-11D3-BF4B-00C04F79EFBC}") = "Roblox Executor", "Roblox Executor\Roblox Executor.csproj", "{49C40AE0-8EEF-4CF9-B077-21259FD64BF2}"
EndProject
Global
	GlobalSection(SolutionConfigurationPlatforms) = preSolution
		Debug|Any CPU = Debug|Any CPU
		Release|Any CPU = Release|Any CPU
	EndGlobalSection
	GlobalSection(ProjectConfigurationPlatforms) = postSolution
		{49C40AE0-8EEF-4CF9-B077-21259FD64BF2}.Debug|Any CPU.ActiveCfg = Debug|Any CPU
		{49C40AE0-8EEF-4CF9-B077-21259FD64BF2}.Debug|Any CPU.Build.0 = Debug|Any CPU
		{49C40AE0-8EEF-4CF9-B077-21259FD64BF2}.Release|Any CPU.ActiveCfg = Release|Any CPU
		{49C40AE0-8EEF-4CF9-B077-21259FD64BF2}.Release|Any CPU.Build.0 = Release|Any CPU
	EndGlobalSection
	GlobalSection(SolutionProperties) = preSolution
		HideSolutionNode = FALSE
	EndGlobalSection
	GlobalSection(ExtensibilityGlobals) = postSolution
		SolutionGuid = {8B92F551-3151-4C24-875B-DB563BEC4E36}
	EndGlobalSection
EndGlobal
